
Microsoft Visual Studio Solution File, Format Version 12.00
# Visual Studio 15
VisualStudioVersion = 15.0.27703.2035
MinimumVisualStudioVersion = 10.0.40219.1
Project("{FAE04EC0-301F-11D3-BF4B-00C04F79EFBC}") = "CharacterLogic", "CharacterLogic\CharacterLogic.csproj", "{829F8900-28B7-4B61-8267-F897713B73DF}"
EndProject
Project("{FAE04EC0-301F-11D3-BF4B-00C04F79EFBC}") = "CharacterSheet", "CharacterSheet\CharacterSheet.csproj", "{EDC5612B-2500-4D6B-98BA-0229F6286AD6}"
EndProject
Global
	GlobalSection(SolutionConfigurationPlatforms) = preSolution
		Debug|Any CPU = Debug|Any CPU
		Release|Any CPU = Release|Any CPU
	EndGlobalSection
	GlobalSection(ProjectConfigurationPlatforms) = postSolution
		{829F8900-28B7-4B61-8267-F897713B73DF}.Debug|Any CPU.ActiveCfg = Debug|Any CPU
		{829F8900-28B7-4B61-8267-F897713B73DF}.Debug|Any CPU.Build.0 = Debug|Any CPU
		{829F8900-28B7-4B61-8267-F897713B73DF}.Release|Any CPU.ActiveCfg = Release|Any CPU
		{829F8900-28B7-4B61-8267-F897713B73DF}.Release|Any CPU.Build.0 = Release|Any CPU
		{EDC5612B-2500-4D6B-98BA-0229F6286AD6}.Debug|Any CPU.ActiveCfg = Debug|Any CPU
		{EDC5612B-2500-4D6B-98BA-0229F6286AD6}.Debug|Any CPU.Build.0 = Debug|Any CPU
		{EDC5612B-2500-4D6B-98BA-0229F6286AD6}.Release|Any CPU.ActiveCfg = Release|Any CPU
		{EDC5612B-2500-4D6B-98BA-0229F6286AD6}.Release|Any CPU.Build.0 = Release|Any CPU
	EndGlobalSection
	GlobalSection(SolutionProperties) = preSolution
		HideSolutionNode = FALSE
	EndGlobalSection
	GlobalSection(ExtensibilityGlobals) = postSolution
		SolutionGuid = {163D2C83-11E4-40B7-9A15-6A8C5C22A382}
	EndGlobalSection
EndGlobal
